
Microsoft Visual Studio Solution File, Format Version 12.00
# Visual Studio 15
VisualStudioVersion = 15.0.26430.16
MinimumVisualStudioVersion = 10.0.40219.1
Project("{FAE04EC0-301F-11D3-BF4B-00C04F79EFBC}") = "1725266_PeterSonolaCoker_B8IT112", "1725266_PeterSonolaCoker_B8IT112\1725266_PeterSonolaCoker_B8IT112.csproj", "{FA5ED46F-E260-466F-B755-8365D68E046C}"
EndProject
Global
	GlobalSection(SolutionConfigurationPlatforms) = preSolution
		Debug|Any CPU = Debug|Any CPU
		Release|Any CPU = Release|Any CPU
	EndGlobalSection
	GlobalSection(ProjectConfigurationPlatforms) = postSolution
		{FA5ED46F-E260-466F-B755-8365D68E046C}.Debug|Any CPU.ActiveCfg = Debug|Any CPU
		{FA5ED46F-E260-466F-B755-8365D68E046C}.Debug|Any CPU.Build.0 = Debug|Any CPU
		{FA5ED46F-E260-466F-B755-8365D68E046C}.Release|Any CPU.ActiveCfg = Release|Any CPU
		{FA5ED46F-E260-466F-B755-8365D68E046C}.Release|Any CPU.Build.0 = Release|Any CPU
	EndGlobalSection
	GlobalSection(SolutionProperties) = preSolution
		HideSolutionNode = FALSE
	EndGlobalSection
EndGlobal
