
Microsoft Visual Studio Solution File, Format Version 12.00
# Visual Studio 15
VisualStudioVersion = 15.0.27130.2010
MinimumVisualStudioVersion = 10.0.40219.1
Project("{FAE04EC0-301F-11D3-BF4B-00C04F79EFBC}") = "dbs", "dbs\dbs.csproj", "{0C17B8FE-9CCC-4AFE-84CA-08F321B7B475}"
EndProject
Global
	GlobalSection(SolutionConfigurationPlatforms) = preSolution
		Debug|Any CPU = Debug|Any CPU
		Release|Any CPU = Release|Any CPU
	EndGlobalSection
	GlobalSection(ProjectConfigurationPlatforms) = postSolution
		{0C17B8FE-9CCC-4AFE-84CA-08F321B7B475}.Debug|Any CPU.ActiveCfg = Debug|Any CPU
		{0C17B8FE-9CCC-4AFE-84CA-08F321B7B475}.Debug|Any CPU.Build.0 = Debug|Any CPU
		{0C17B8FE-9CCC-4AFE-84CA-08F321B7B475}.Release|Any CPU.ActiveCfg = Release|Any CPU
		{0C17B8FE-9CCC-4AFE-84CA-08F321B7B475}.Release|Any CPU.Build.0 = Release|Any CPU
	EndGlobalSection
	GlobalSection(SolutionProperties) = preSolution
		HideSolutionNode = FALSE
	EndGlobalSection
	GlobalSection(ExtensibilityGlobals) = postSolution
		SolutionGuid = {A43B6936-919B-42EE-92B0-CB822FD2E3FA}
	EndGlobalSection
EndGlobal
