
Microsoft Visual Studio Solution File, Format Version 12.00
# Visual Studio 15
VisualStudioVersion = 15.0.26430.16
MinimumVisualStudioVersion = 10.0.40219.1
Project("{FAE04EC0-301F-11D3-BF4B-00C04F79EFBC}") = "PeterCoker Coditional Logic Ex2", "PeterCoker Coditional Logic Ex2\PeterCoker Coditional Logic Ex2.csproj", "{3B0C8806-5152-454E-9630-597CFE17C886}"
EndProject
Global
	GlobalSection(SolutionConfigurationPlatforms) = preSolution
		Debug|Any CPU = Debug|Any CPU
		Release|Any CPU = Release|Any CPU
	EndGlobalSection
	GlobalSection(ProjectConfigurationPlatforms) = postSolution
		{3B0C8806-5152-454E-9630-597CFE17C886}.Debug|Any CPU.ActiveCfg = Debug|Any CPU
		{3B0C8806-5152-454E-9630-597CFE17C886}.Debug|Any CPU.Build.0 = Debug|Any CPU
		{3B0C8806-5152-454E-9630-597CFE17C886}.Release|Any CPU.ActiveCfg = Release|Any CPU
		{3B0C8806-5152-454E-9630-597CFE17C886}.Release|Any CPU.Build.0 = Release|Any CPU
	EndGlobalSection
	GlobalSection(SolutionProperties) = preSolution
		HideSolutionNode = FALSE
	EndGlobalSection
EndGlobal
